
Microsoft Visual Studio Solution File, Format Version 11.00
# Visual Studio 2010
Project("{FAE04EC0-301F-11D3-BF4B-00C04F79EFBC}") = "LG.Utility", "LG.Utility\LG.Utility.csproj", "{A241F75A-A0FF-4A48-ADDA-0D4473201C1C}"
EndProject
Project("{FAE04EC0-301F-11D3-BF4B-00C04F79EFBC}") = "LG.Publish", "LG.Publish\LG.Publish.csproj", "{3B1B76E2-8270-436C-B35C-4FAB84F1919D}"
EndProject
Project("{FAE04EC0-301F-11D3-BF4B-00C04F79EFBC}") = "Test", "Test\Test.csproj", "{AB472566-679A-4898-8F07-7DB89EACDCB6}"
EndProject
Global
	GlobalSection(SolutionConfigurationPlatforms) = preSolution
		Debug|Any CPU = Debug|Any CPU
		Debug|Mixed Platforms = Debug|Mixed Platforms
		Debug|x86 = Debug|x86
		Release|Any CPU = Release|Any CPU
		Release|Mixed Platforms = Release|Mixed Platforms
		Release|x86 = Release|x86
	EndGlobalSection
	GlobalSection(ProjectConfigurationPlatforms) = postSolution
		{A241F75A-A0FF-4A48-ADDA-0D4473201C1C}.Debug|Any CPU.ActiveCfg = Debug|Any CPU
		{A241F75A-A0FF-4A48-ADDA-0D4473201C1C}.Debug|Any CPU.Build.0 = Debug|Any CPU
		{A241F75A-A0FF-4A48-ADDA-0D4473201C1C}.Debug|Mixed Platforms.ActiveCfg = Debug|Any CPU
		{A241F75A-A0FF-4A48-ADDA-0D4473201C1C}.Debug|Mixed Platforms.Build.0 = Debug|Any CPU
		{A241F75A-A0FF-4A48-ADDA-0D4473201C1C}.Debug|x86.ActiveCfg = Debug|Any CPU
		{A241F75A-A0FF-4A48-ADDA-0D4473201C1C}.Release|Any CPU.ActiveCfg = Release|Any CPU
		{A241F75A-A0FF-4A48-ADDA-0D4473201C1C}.Release|Any CPU.Build.0 = Release|Any CPU
		{A241F75A-A0FF-4A48-ADDA-0D4473201C1C}.Release|Mixed Platforms.ActiveCfg = Release|Any CPU
		{A241F75A-A0FF-4A48-ADDA-0D4473201C1C}.Release|Mixed Platforms.Build.0 = Release|Any CPU
		{A241F75A-A0FF-4A48-ADDA-0D4473201C1C}.Release|x86.ActiveCfg = Release|Any CPU
		{3B1B76E2-8270-436C-B35C-4FAB84F1919D}.Debug|Any CPU.ActiveCfg = Debug|Any CPU
		{3B1B76E2-8270-436C-B35C-4FAB84F1919D}.Debug|Any CPU.Build.0 = Debug|Any CPU
		{3B1B76E2-8270-436C-B35C-4FAB84F1919D}.Debug|Mixed Platforms.ActiveCfg = Debug|Any CPU
		{3B1B76E2-8270-436C-B35C-4FAB84F1919D}.Debug|Mixed Platforms.Build.0 = Debug|Any CPU
		{3B1B76E2-8270-436C-B35C-4FAB84F1919D}.Debug|x86.ActiveCfg = Debug|Any CPU
		{3B1B76E2-8270-436C-B35C-4FAB84F1919D}.Release|Any CPU.ActiveCfg = Release|Any CPU
		{3B1B76E2-8270-436C-B35C-4FAB84F1919D}.Release|Any CPU.Build.0 = Release|Any CPU
		{3B1B76E2-8270-436C-B35C-4FAB84F1919D}.Release|Mixed Platforms.ActiveCfg = Release|Any CPU
		{3B1B76E2-8270-436C-B35C-4FAB84F1919D}.Release|Mixed Platforms.Build.0 = Release|Any CPU
		{3B1B76E2-8270-436C-B35C-4FAB84F1919D}.Release|x86.ActiveCfg = Release|Any CPU
		{AB472566-679A-4898-8F07-7DB89EACDCB6}.Debug|Any CPU.ActiveCfg = Debug|x86
		{AB472566-679A-4898-8F07-7DB89EACDCB6}.Debug|Mixed Platforms.ActiveCfg = Debug|x86
		{AB472566-679A-4898-8F07-7DB89EACDCB6}.Debug|Mixed Platforms.Build.0 = Debug|x86
		{AB472566-679A-4898-8F07-7DB89EACDCB6}.Debug|x86.ActiveCfg = Debug|x86
		{AB472566-679A-4898-8F07-7DB89EACDCB6}.Debug|x86.Build.0 = Debug|x86
		{AB472566-679A-4898-8F07-7DB89EACDCB6}.Release|Any CPU.ActiveCfg = Release|x86
		{AB472566-679A-4898-8F07-7DB89EACDCB6}.Release|Mixed Platforms.ActiveCfg = Release|x86
		{AB472566-679A-4898-8F07-7DB89EACDCB6}.Release|Mixed Platforms.Build.0 = Release|x86
		{AB472566-679A-4898-8F07-7DB89EACDCB6}.Release|x86.ActiveCfg = Release|x86
		{AB472566-679A-4898-8F07-7DB89EACDCB6}.Release|x86.Build.0 = Release|x86
	EndGlobalSection
	GlobalSection(SolutionProperties) = preSolution
		HideSolutionNode = FALSE
	EndGlobalSection
EndGlobal
